// !$*UTF8*$!
{
	archiveVersion = 1;
	classes = {
	};
	objectVersion = 55;
	objects = {

/* Begin PBXBuildFile section */
		2E6404C428AAF2BD00D5D6C1 /* Kingfisher in Frameworks */ = {isa = PBXBuildFile; productRef = 2E6404C328AAF2BD00D5D6C1 /* Kingfisher */; };
		2EFD08E528A7793D00F97D71 /* AppDelegate.swift in Sources */ = {isa = PBXBuildFile; fileRef = 2EFD08E428A7793D00F97D71 /* AppDelegate.swift */; };
		2EFD08E728A7793D00F97D71 /* SceneDelegate.swift in Sources */ = {isa = PBXBuildFile; fileRef = 2EFD08E628A7793D00F97D71 /* SceneDelegate.swift */; };
		2EFD08E928A7793D00F97D71 /* ViewController.swift in Sources */ = {isa = PBXBuildFile; fileRef = 2EFD08E828A7793D00F97D71 /* ViewController.swift */; };
		2EFD08EC28A7793D00F97D71 /* Main.storyboard in Resources */ = {isa = PBXBuildFile; fileRef = 2EFD08EA28A7793D00F97D71 /* Main.storyboard */; };
		2EFD08EE28A7793E00F97D71 /* Assets.xcassets in Resources */ = {isa = PBXBuildFile; fileRef = 2EFD08ED28A7793E00F97D71 /* Assets.xcassets */; };
		2EFD08F128A7793E00F97D71 /* LaunchScreen.storyboard in Resources */ = {isa = PBXBuildFile; fileRef = 2EFD08EF28A7793E00F97D71 /* LaunchScreen.storyboard */; };
		2EFD08FD28A7925D00F97D71 /* CustomTableViewCell.swift in Sources */ = {isa = PBXBuildFile; fileRef = 2EFD08FB28A7925D00F97D71 /* CustomTableViewCell.swift */; };
		2EFD08FE28A7925D00F97D71 /* CustomTableViewCell.xib in Resources */ = {isa = PBXBuildFile; fileRef = 2EFD08FC28A7925D00F97D71 /* CustomTableViewCell.xib */; };
		2EFD0CDF28A8004700D7A8EA /* UserDetailVC.swift in Sources */ = {isa = PBXBuildFile; fileRef = 2EFD0CDE28A8004700D7A8EA /* UserDetailVC.swift */; };
		2EFD0CE228A809DD00D7A8EA /* Alamofire in Frameworks */ = {isa = PBXBuildFile; productRef = 2EFD0CE128A809DD00D7A8EA /* Alamofire */; };
		2EFD0CE428A80A4200D7A8EA /* NetworkingProvider.swift in Sources */ = {isa = PBXBuildFile; fileRef = 2EFD0CE328A80A4200D7A8EA /* NetworkingProvider.swift */; };
		2EFD0CE828A80C5E00D7A8EA /* User.swift in Sources */ = {isa = PBXBuildFile; fileRef = 2EFD0CE728A80C5E00D7A8EA /* User.swift */; };
/* End PBXBuildFile section */

/* Begin PBXFileReference section */
		2EFD08E128A7793D00F97D71 /* Random User List.app */ = {isa = PBXFileReference; explicitFileType = wrapper.application; includeInIndex = 0; path = "Random User List.app"; sourceTree = BUILT_PRODUCTS_DIR; };
		2EFD08E428A7793D00F97D71 /* AppDelegate.swift */ = {isa = PBXFileReference; lastKnownFileType = sourcecode.swift; path = AppDelegate.swift; sourceTree = "<group>"; };
		2EFD08E628A7793D00F97D71 /* SceneDelegate.swift */ = {isa = PBXFileReference; lastKnownFileType = sourcecode.swift; path = SceneDelegate.swift; sourceTree = "<group>"; };
		2EFD08E828A7793D00F97D71 /* ViewController.swift */ = {isa = PBXFileReference; lastKnownFileType = sourcecode.swift; path = ViewController.swift; sourceTree = "<group>"; };
		2EFD08EB28A7793D00F97D71 /* Base */ = {isa = PBXFileReference; lastKnownFileType = file.storyboard; name = Base; path = Base.lproj/Main.storyboard; sourceTree = "<group>"; };
		2EFD08ED28A7793E00F97D71 /* Assets.xcassets */ = {isa = PBXFileReference; lastKnownFileType = folder.assetcatalog; path = Assets.xcassets; sourceTree = "<group>"; };
		2EFD08F028A7793E00F97D71 /* Base */ = {isa = PBXFileReference; lastKnownFileType = file.storyboard; name = Base; path = Base.lproj/LaunchScreen.storyboard; sourceTree = "<group>"; };
		2EFD08F228A7793E00F97D71 /* Info.plist */ = {isa = PBXFileReference; lastKnownFileType = text.plist.xml; path = Info.plist; sourceTree = "<group>"; };
		2EFD08FB28A7925D00F97D71 /* CustomTableViewCell.swift */ = {isa = PBXFileReference; lastKnownFileType = sourcecode.swift; path = CustomTableViewCell.swift; sourceTree = "<group>"; };
		2EFD08FC28A7925D00F97D71 /* CustomTableViewCell.xib */ = {isa = PBXFileReference; lastKnownFileType = file.xib; path = CustomTableViewCell.xib; sourceTree = "<group>"; };
		2EFD0CDE28A8004700D7A8EA /* UserDetailVC.swift */ = {isa = PBXFileReference; lastKnownFileType = sourcecode.swift; path = UserDetailVC.swift; sourceTree = "<group>"; };
		2EFD0CE328A80A4200D7A8EA /* NetworkingProvider.swift */ = {isa = PBXFileReference; lastKnownFileType = sourcecode.swift; path = NetworkingProvider.swift; sourceTree = "<group>"; };
		2EFD0CE728A80C5E00D7A8EA /* User.swift */ = {isa = PBXFileReference; lastKnownFileType = sourcecode.swift; path = User.swift; sourceTree = "<group>"; };
/* End PBXFileReference section */

/* Begin PBXFrameworksBuildPhase section */
		2EFD08DE28A7793D00F97D71 /* Frameworks */ = {
			isa = PBXFrameworksBuildPhase;
			buildActionMask = 2147483647;
			files = (
				2E6404C428AAF2BD00D5D6C1 /* Kingfisher in Frameworks */,
				2EFD0CE228A809DD00D7A8EA /* Alamofire in Frameworks */,
			);
			runOnlyForDeploymentPostprocessing = 0;
		};
/* End PBXFrameworksBuildPhase section */

/* Begin PBXGroup section */
		2EFD08D828A7793D00F97D71 = {
			isa = PBXGroup;
			children = (
				2EFD08E328A7793D00F97D71 /* Random User List */,
				2EFD08E228A7793D00F97D71 /* Products */,
			);
			sourceTree = "<group>";
		};
		2EFD08E228A7793D00F97D71 /* Products */ = {
			isa = PBXGroup;
			children = (
				2EFD08E128A7793D00F97D71 /* Random User List.app */,
			);
			name = Products;
			sourceTree = "<group>";
		};
		2EFD08E328A7793D00F97D71 /* Random User List */ = {
			isa = PBXGroup;
			children = (
				2EFD08FA28A791C900F97D71 /*  Controllers */,
				2EFD08F928A7918200F97D71 /* Storyboards */,
				2EFD08ED28A7793E00F97D71 /* Assets.xcassets */,
				2EFD08F228A7793E00F97D71 /* Info.plist */,
			);
			path = "Random User List";
			sourceTree = "<group>";
		};
		2EFD08F928A7918200F97D71 /* Storyboards */ = {
			isa = PBXGroup;
			children = (
				2EFD08EA28A7793D00F97D71 /* Main.storyboard */,
				2EFD08EF28A7793E00F97D71 /* LaunchScreen.storyboard */,
				2EFD08FC28A7925D00F97D71 /* CustomTableViewCell.xib */,
			);
			path = Storyboards;
			sourceTree = "<group>";
		};
		2EFD08FA28A791C900F97D71 /*  Controllers */ = {
			isa = PBXGroup;
			children = (
				2EFD0CE528A80C2900D7A8EA /* Networking */,
				2EFD08E428A7793D00F97D71 /* AppDelegate.swift */,
				2EFD08E628A7793D00F97D71 /* SceneDelegate.swift */,
				2EFD08FB28A7925D00F97D71 /* CustomTableViewCell.swift */,
				2EFD08E828A7793D00F97D71 /* ViewController.swift */,
				2EFD0CDE28A8004700D7A8EA /* UserDetailVC.swift */,
			);
			path = " Controllers";
			sourceTree = "<group>";
		};
		2EFD0CE528A80C2900D7A8EA /* Networking */ = {
			isa = PBXGroup;
			children = (
				2EFD0CE328A80A4200D7A8EA /* NetworkingProvider.swift */,
				2EFD0CE628A80C3A00D7A8EA /* Data */,
			);
			path = Networking;
			sourceTree = "<group>";
		};
		2EFD0CE628A80C3A00D7A8EA /* Data */ = {
			isa = PBXGroup;
			children = (
				2EFD0CE728A80C5E00D7A8EA /* User.swift */,
			);
			path = Data;
			sourceTree = "<group>";
		};
/* End PBXGroup section */

/* Begin PBXNativeTarget section */
		2EFD08E028A7793D00F97D71 /* Random User List */ = {
			isa = PBXNativeTarget;
			buildConfigurationList = 2EFD08F528A7793E00F97D71 /* Build configuration list for PBXNativeTarget "Random User List" */;
			buildPhases = (
				2EFD08DD28A7793D00F97D71 /* Sources */,
				2EFD08DE28A7793D00F97D71 /* Frameworks */,
				2EFD08DF28A7793D00F97D71 /* Resources */,
			);
			buildRules = (
			);
			dependencies = (
			);
			name = "Random User List";
			packageProductDependencies = (
				2EFD0CE128A809DD00D7A8EA /* Alamofire */,
				2E6404C328AAF2BD00D5D6C1 /* Kingfisher */,
			);
			productName = "Random User List";
			productReference = 2EFD08E128A7793D00F97D71 /* Random User List.app */;
			productType = "com.apple.product-type.application";
		};
/* End PBXNativeTarget section */

/* Begin PBXProject section */
		2EFD08D928A7793D00F97D71 /* Project object */ = {
			isa = PBXProject;
			attributes = {
				BuildIndependentTargetsInParallel = 1;
				LastSwiftUpdateCheck = 1340;
				LastUpgradeCheck = 1340;
				TargetAttributes = {
					2EFD08E028A7793D00F97D71 = {
						CreatedOnToolsVersion = 13.4.1;
					};
				};
			};
			buildConfigurationList = 2EFD08DC28A7793D00F97D71 /* Build configuration list for PBXProject "Random User List" */;
			compatibilityVersion = "Xcode 13.0";
			developmentRegion = en;
			hasScannedForEncodings = 0;
			knownRegions = (
				en,
				Base,
			);
			mainGroup = 2EFD08D828A7793D00F97D71;
			packageReferences = (
				2EFD0CE028A809DD00D7A8EA /* XCRemoteSwiftPackageReference "Alamofire" */,
				2E6404C228AAF2BD00D5D6C1 /* XCRemoteSwiftPackageReference "Kingfisher" */,
			);
			productRefGroup = 2EFD08E228A7793D00F97D71 /* Products */;
			projectDirPath = "";
			projectRoot = "";
			targets = (
				2EFD08E028A7793D00F97D71 /* Random User List */,
			);
		};
/* End PBXProject section */

/* Begin PBXResourcesBuildPhase section */
		2EFD08DF28A7793D00F97D71 /* Resources */ = {
			isa = PBXResourcesBuildPhase;
			buildActionMask = 2147483647;
			files = (
				2EFD08F128A7793E00F97D71 /* LaunchScreen.storyboard in Resources */,
				2EFD08EE28A7793E00F97D71 /* Assets.xcassets in Resources */,
				2EFD08FE28A7925D00F97D71 /* CustomTableViewCell.xib in Resources */,
				2EFD08EC28A7793D00F97D71 /* Main.storyboard in Resources */,
			);
			runOnlyForDeploymentPostprocessing = 0;
		};
/* End PBXResourcesBuildPhase section */

/* Begin PBXSourcesBuildPhase section */
		2EFD08DD28A7793D00F97D71 /* Sources */ = {
			isa = PBXSourcesBuildPhase;
			buildActionMask = 2147483647;
			files = (
				2EFD08E928A7793D00F97D71 /* ViewController.swift in Sources */,
				2EFD08E528A7793D00F97D71 /* AppDelegate.swift in Sources */,
				2EFD0CE428A80A4200D7A8EA /* NetworkingProvider.swift in Sources */,
				2EFD08FD28A7925D00F97D71 /* CustomTableViewCell.swift in Sources */,
				2EFD08E728A7793D00F97D71 /* SceneDelegate.swift in Sources */,
				2EFD0CDF28A8004700D7A8EA /* UserDetailVC.swift in Sources */,
				2EFD0CE828A80C5E00D7A8EA /* User.swift in Sources */,
			);
			runOnlyForDeploymentPostprocessing = 0;
		};
/* End PBXSourcesBuildPhase section */

/* Begin PBXVariantGroup section */
		2EFD08EA28A7793D00F97D71 /* Main.storyboard */ = {
			isa = PBXVariantGroup;
			children = (
				2EFD08EB28A7793D00F97D71 /* Base */,
			);
			name = Main.storyboard;
			sourceTree = "<group>";
		};
		2EFD08EF28A7793E00F97D71 /* LaunchScreen.storyboard */ = {
			isa = PBXVariantGroup;
			children = (
				2EFD08F028A7793E00F97D71 /* Base */,
			);
			name = LaunchScreen.storyboard;
			sourceTree = "<group>";
		};
/* End PBXVariantGroup section */

/* Begin XCBuildConfiguration section */
		2EFD08F328A7793E00F97D71 /* Debug */ = {
			isa = XCBuildConfiguration;
			buildSettings = {
				ALWAYS_SEARCH_USER_PATHS = NO;
				CLANG_ANALYZER_NONNULL = YES;
				CLANG_ANALYZER_NUMBER_OBJECT_CONVERSION = YES_AGGRESSIVE;
				CLANG_CXX_LANGUAGE_STANDARD = "gnu++17";
				CLANG_ENABLE_MODULES = YES;
				CLANG_ENABLE_OBJC_ARC = YES;
				CLANG_ENABLE_OBJC_WEAK = YES;
				CLANG_WARN_BLOCK_CAPTURE_AUTORELEASING = YES;
				CLANG_WARN_BOOL_CONVERSION = YES;
				CLANG_WARN_COMMA = YES;
				CLANG_WARN_CONSTANT_CONVERSION = YES;
				CLANG_WARN_DEPRECATED_OBJC_IMPLEMENTATIONS = YES;
				CLANG_WARN_DIRECT_OBJC_ISA_USAGE = YES_ERROR;
				CLANG_WARN_DOCUMENTATION_COMMENTS = YES;
				CLANG_WARN_EMPTY_BODY = YES;
				CLANG_WARN_ENUM_CONVERSION = YES;
				CLANG_WARN_INFINITE_RECURSION = YES;
				CLANG_WARN_INT_CONVERSION = YES;
				CLANG_WARN_NON_LITERAL_NULL_CONVERSION = YES;
				CLANG_WARN_OBJC_IMPLICIT_RETAIN_SELF = YES;
				CLANG_WARN_OBJC_LITERAL_CONVERSION = YES;
				CLANG_WARN_OBJC_ROOT_CLASS = YES_ERROR;
				CLANG_WARN_QUOTED_INCLUDE_IN_FRAMEWORK_HEADER = YES;
				CLANG_WARN_RANGE_LOOP_ANALYSIS = YES;
				CLANG_WARN_STRICT_PROTOTYPES = YES;
				CLANG_WARN_SUSPICIOUS_MOVE = YES;
				CLANG_WARN_UNGUARDED_AVAILABILITY = YES_AGGRESSIVE;
				CLANG_WARN_UNREACHABLE_CODE = YES;
				CLANG_WARN__DUPLICATE_METHOD_MATCH = YES;
				COPY_PHASE_STRIP = NO;
				DEBUG_INFORMATION_FORMAT = dwarf;
				ENABLE_STRICT_OBJC_MSGSEND = YES;
				ENABLE_TESTABILITY = YES;
				GCC_C_LANGUAGE_STANDARD = gnu11;
				GCC_DYNAMIC_NO_PIC = NO;
				GCC_NO_COMMON_BLOCKS = YES;
				GCC_OPTIMIZATION_LEVEL = 0;
				GCC_PREPROCESSOR_DEFINITIONS = (
					"DEBUG=1",
					"$(inherited)",
				);
				GCC_WARN_64_TO_32_BIT_CONVERSION = YES;
				GCC_WARN_ABOUT_RETURN_TYPE = YES_ERROR;
				GCC_WARN_UNDECLARED_SELECTOR = YES;
				GCC_WARN_UNINITIALIZED_AUTOS = YES_AGGRESSIVE;
				GCC_WARN_UNUSED_FUNCTION = YES;
				GCC_WARN_UNUSED_VARIABLE = YES;
				IPHONEOS_DEPLOYMENT_TARGET = 15.5;
				MTL_ENABLE_DEBUG_INFO = INCLUDE_SOURCE;
				MTL_FAST_MATH = YES;
				ONLY_ACTIVE_ARCH = YES;
				SDKROOT = iphoneos;
				SWIFT_ACTIVE_COMPILATION_CONDITIONS = DEBUG;
				SWIFT_OPTIMIZATION_LEVEL = "-Onone";
			};
			name = Debug;
		};
		2EFD08F428A7793E00F97D71 /* Release */ = {
			isa = XCBuildConfiguration;
			buildSettings = {
				ALWAYS_SEARCH_USER_PATHS = NO;
				CLANG_ANALYZER_NONNULL = YES;
				CLANG_ANALYZER_NUMBER_OBJECT_CONVERSION = YES_AGGRESSIVE;
				CLANG_CXX_LANGUAGE_STANDARD = "gnu++17";
				CLANG_ENABLE_MODULES = YES;
				CLANG_ENABLE_OBJC_ARC = YES;
				CLANG_ENABLE_OBJC_WEAK = YES;
				CLANG_WARN_BLOCK_CAPTURE_AUTORELEASING = YES;
				CLANG_WARN_BOOL_CONVERSION = YES;
				CLANG_WARN_COMMA = YES;
				CLANG_WARN_CONSTANT_CONVERSION = YES;
				CLANG_WARN_DEPRECATED_OBJC_IMPLEMENTATIONS = YES;
				CLANG_WARN_DIRECT_OBJC_ISA_USAGE = YES_ERROR;
				CLANG_WARN_DOCUMENTATION_COMMENTS = YES;
				CLANG_WARN_EMPTY_BODY = YES;
				CLANG_WARN_ENUM_CONVERSION = YES;
				CLANG_WARN_INFINITE_RECURSION = YES;
				CLANG_WARN_INT_CONVERSION = YES;
				CLANG_WARN_NON_LITERAL_NULL_CONVERSION = YES;
				CLANG_WARN_OBJC_IMPLICIT_RETAIN_SELF = YES;
				CLANG_WARN_OBJC_LITERAL_CONVERSION = YES;
				CLANG_WARN_OBJC_ROOT_CLASS = YES_ERROR;
				CLANG_WARN_QUOTED_INCLUDE_IN_FRAMEWORK_HEADER = YES;
				CLANG_WARN_RANGE_LOOP_ANALYSIS = YES;
				CLANG_WARN_STRICT_PROTOTYPES = YES;
				CLANG_WARN_SUSPICIOUS_MOVE = YES;
				CLANG_WARN_UNGUARDED_AVAILABILITY = YES_AGGRESSIVE;
				CLANG_WARN_UNREACHABLE_CODE = YES;
				CLANG_WARN__DUPLICATE_METHOD_MATCH = YES;
				COPY_PHASE_STRIP = NO;
				DEBUG_INFORMATION_FORMAT = "dwarf-with-dsym";
				ENABLE_NS_ASSERTIONS = NO;
				ENABLE_STRICT_OBJC_MSGSEND = YES;
				GCC_C_LANGUAGE_STANDARD = gnu11;
				GCC_NO_COMMON_BLOCKS = YES;
				GCC_WARN_64_TO_32_BIT_CONVERSION = YES;
				GCC_WARN_ABOUT_RETURN_TYPE = YES_ERROR;
				GCC_WARN_UNDECLARED_SELECTOR = YES;
				GCC_WARN_UNINITIALIZED_AUTOS = YES_AGGRESSIVE;
				GCC_WARN_UNUSED_FUNCTION = YES;
				GCC_WARN_UNUSED_VARIABLE = YES;
				IPHONEOS_DEPLOYMENT_TARGET = 15.5;
				MTL_ENABLE_DEBUG_INFO = NO;
				MTL_FAST_MATH = YES;
				SDKROOT = iphoneos;
				SWIFT_COMPILATION_MODE = wholemodule;
				SWIFT_OPTIMIZATION_LEVEL = "-O";
				VALIDATE_PRODUCT = YES;
			};
			name = Release;
		};
		2EFD08F628A7793E00F97D71 /* Debug */ = {
			isa = XCBuildConfiguration;
			buildSettings = {
				ASSETCATALOG_COMPILER_APPICON_NAME = AppIcon;
				ASSETCATALOG_COMPILER_GLOBAL_ACCENT_COLOR_NAME = AccentColor;
				CODE_SIGN_STYLE = Automatic;
				CURRENT_PROJECT_VERSION = 1;
				DEVELOPMENT_TEAM = R83QFJW7B8;
				GENERATE_INFOPLIST_FILE = YES;
				INFOPLIST_FILE = "Random User List/Info.plist";
				INFOPLIST_KEY_UIApplicationSupportsIndirectInputEvents = YES;
				INFOPLIST_KEY_UILaunchStoryboardName = LaunchScreen;
				INFOPLIST_KEY_UIMainStoryboardFile = Main;
				INFOPLIST_KEY_UISupportedInterfaceOrientations_iPad = "UIInterfaceOrientationPortrait UIInterfaceOrientationPortraitUpsideDown UIInterfaceOrientationLandscapeLeft UIInterfaceOrientationLandscapeRight";
				INFOPLIST_KEY_UISupportedInterfaceOrientations_iPhone = "UIInterfaceOrientationPortrait UIInterfaceOrientationLandscapeLeft UIInterfaceOrientationLandscapeRight";
				IPHONEOS_DEPLOYMENT_TARGET = 13.0;
				LD_RUNPATH_SEARCH_PATHS = (
					"$(inherited)",
					"@executable_path/Frameworks",
				);
				MARKETING_VERSION = 1.0;
				PRODUCT_BUNDLE_IDENTIFIER = "com.test.Random-User-List";
				PRODUCT_NAME = "$(TARGET_NAME)";
				SWIFT_EMIT_LOC_STRINGS = YES;
				SWIFT_VERSION = 5.0;
				TARGETED_DEVICE_FAMILY = "1,2";
			};
			name = Debug;
		};
		2EFD08F728A7793E00F97D71 /* Release */ = {
			isa = XCBuildConfiguration;
			buildSettings = {
				ASSETCATALOG_COMPILER_APPICON_NAME = AppIcon;
				ASSETCATALOG_COMPILER_GLOBAL_ACCENT_COLOR_NAME = AccentColor;
				CODE_SIGN_STYLE = Automatic;
				CURRENT_PROJECT_VERSION = 1;
				DEVELOPMENT_TEAM = R83QFJW7B8;
				GENERATE_INFOPLIST_FILE = YES;
				INFOPLIST_FILE = "Random User List/Info.plist";
				INFOPLIST_KEY_UIApplicationSupportsIndirectInputEvents = YES;
				INFOPLIST_KEY_UILaunchStoryboardName = LaunchScreen;
				INFOPLIST_KEY_UIMainStoryboardFile = Main;
				INFOPLIST_KEY_UISupportedInterfaceOrientations_iPad = "UIInterfaceOrientationPortrait UIInterfaceOrientationPortraitUpsideDown UIInterfaceOrientationLandscapeLeft UIInterfaceOrientationLandscapeRight";
				INFOPLIST_KEY_UISupportedInterfaceOrientations_iPhone = "UIInterfaceOrientationPortrait UIInterfaceOrientationLandscapeLeft UIInterfaceOrientationLandscapeRight";
				IPHONEOS_DEPLOYMENT_TARGET = 13.0;
				LD_RUNPATH_SEARCH_PATHS = (
					"$(inherited)",
					"@executable_path/Frameworks",
				);
				MARKETING_VERSION = 1.0;
				PRODUCT_BUNDLE_IDENTIFIER = "com.test.Random-User-List";
				PRODUCT_NAME = "$(TARGET_NAME)";
				SWIFT_EMIT_LOC_STRINGS = YES;
				SWIFT_VERSION = 5.0;
				TARGETED_DEVICE_FAMILY = "1,2";
			};
			name = Release;
		};
/* End XCBuildConfiguration section */

/* Begin XCConfigurationList section */
		2EFD08DC28A7793D00F97D71 /* Build configuration list for PBXProject "Random User List" */ = {
			isa = XCConfigurationList;
			buildConfigurations = (
				2EFD08F328A7793E00F97D71 /* Debug */,
				2EFD08F428A7793E00F97D71 /* Release */,
			);
			defaultConfigurationIsVisible = 0;
			defaultConfigurationName = Release;
		};
		2EFD08F528A7793E00F97D71 /* Build configuration list for PBXNativeTarget "Random User List" */ = {
			isa = XCConfigurationList;
			buildConfigurations = (
				2EFD08F628A7793E00F97D71 /* Debug */,
				2EFD08F728A7793E00F97D71 /* Release */,
			);
			defaultConfigurationIsVisible = 0;
			defaultConfigurationName = Release;
		};
/* End XCConfigurationList section */

/* Begin XCRemoteSwiftPackageReference section */
		2E6404C228AAF2BD00D5D6C1 /* XCRemoteSwiftPackageReference "Kingfisher" */ = {
			isa = XCRemoteSwiftPackageReference;
			repositoryURL = "https://github.com/onevcat/Kingfisher.git";
			requirement = {
				kind = upToNextMajorVersion;
				minimumVersion = 7.0.0;
			};
		};
		2EFD0CE028A809DD00D7A8EA /* XCRemoteSwiftPackageReference "Alamofire" */ = {
			isa = XCRemoteSwiftPackageReference;
			repositoryURL = "https://github.com/Alamofire/Alamofire.git";
			requirement = {
				kind = upToNextMajorVersion;
				minimumVersion = 5.0.0;
			};
		};
/* End XCRemoteSwiftPackageReference section */

/* Begin XCSwiftPackageProductDependency section */
		2E6404C328AAF2BD00D5D6C1 /* Kingfisher */ = {
			isa = XCSwiftPackageProductDependency;
			package = 2E6404C228AAF2BD00D5D6C1 /* XCRemoteSwiftPackageReference "Kingfisher" */;
			productName = Kingfisher;
		};
		2EFD0CE128A809DD00D7A8EA /* Alamofire */ = {
			isa = XCSwiftPackageProductDependency;
			package = 2EFD0CE028A809DD00D7A8EA /* XCRemoteSwiftPackageReference "Alamofire" */;
			productName = Alamofire;
		};
/* End XCSwiftPackageProductDependency section */
	};
	rootObject = 2EFD08D928A7793D00F97D71 /* Project object */;
}
